
Microsoft Visual Studio Solution File, Format Version 12.00
# Visual Studio Version 17
VisualStudioVersion = 17.1.32328.378
MinimumVisualStudioVersion = 10.0.40219.1
Project("{8BC9CEB8-8B4A-11D0-8D11-00A0C91BC942}") = "7weeks", "7weeks\7weeks.vcxproj", "{3FDFC6EA-444C-4C92-B543-1B8D84735B53}"
EndProject
Global
	GlobalSection(SolutionConfigurationPlatforms) = preSolution
		Debug|x64 = Debug|x64
		Debug|x86 = Debug|x86
		Release|x64 = Release|x64
		Release|x86 = Release|x86
	EndGlobalSection
	GlobalSection(ProjectConfigurationPlatforms) = postSolution
		{3FDFC6EA-444C-4C92-B543-1B8D84735B53}.Debug|x64.ActiveCfg = Debug|x64
		{3FDFC6EA-444C-4C92-B543-1B8D84735B53}.Debug|x64.Build.0 = Debug|x64
		{3FDFC6EA-444C-4C92-B543-1B8D84735B53}.Debug|x86.ActiveCfg = Debug|Win32
		{3FDFC6EA-444C-4C92-B543-1B8D84735B53}.Debug|x86.Build.0 = Debug|Win32
		{3FDFC6EA-444C-4C92-B543-1B8D84735B53}.Release|x64.ActiveCfg = Release|x64
		{3FDFC6EA-444C-4C92-B543-1B8D84735B53}.Release|x64.Build.0 = Release|x64
		{3FDFC6EA-444C-4C92-B543-1B8D84735B53}.Release|x86.ActiveCfg = Release|Win32
		{3FDFC6EA-444C-4C92-B543-1B8D84735B53}.Release|x86.Build.0 = Release|Win32
	EndGlobalSection
	GlobalSection(SolutionProperties) = preSolution
		HideSolutionNode = FALSE
	EndGlobalSection
	GlobalSection(ExtensibilityGlobals) = postSolution
		SolutionGuid = {05A01B2C-5694-489A-83A0-D3E16DF2DCA9}
	EndGlobalSection
EndGlobal
